// !$*UTF8*$!
{
	archiveVersion = 1;
	classes = {
	};
	objectVersion = 56;
	objects = {

/* Begin PBXBuildFile section */
		0BAA834BB27C60711F9BC2C2 /* Pods_AppStoreApplication.framework in Frameworks */ = {isa = PBXBuildFile; fileRef = 7F44A8B50A630A6208DBFA9F /* Pods_AppStoreApplication.framework */; };
		AE12DD1E2BEBFAB400D5F48C /* UIView+Layout.swift in Sources */ = {isa = PBXBuildFile; fileRef = AE12DD1D2BEBFAB400D5F48C /* UIView+Layout.swift */; };
		AE2C11F42BE5532800B414D3 /* AppDelegate.swift in Sources */ = {isa = PBXBuildFile; fileRef = AE2C11F32BE5532800B414D3 /* AppDelegate.swift */; };
		AE2C11F62BE5532800B414D3 /* SceneDelegate.swift in Sources */ = {isa = PBXBuildFile; fileRef = AE2C11F52BE5532800B414D3 /* SceneDelegate.swift */; };
		AE2C11F82BE5532800B414D3 /* ViewController.swift in Sources */ = {isa = PBXBuildFile; fileRef = AE2C11F72BE5532800B414D3 /* ViewController.swift */; };
		AE2C11FB2BE5532800B414D3 /* Main.storyboard in Resources */ = {isa = PBXBuildFile; fileRef = AE2C11F92BE5532800B414D3 /* Main.storyboard */; };
		AE2C11FD2BE5532C00B414D3 /* Assets.xcassets in Resources */ = {isa = PBXBuildFile; fileRef = AE2C11FC2BE5532C00B414D3 /* Assets.xcassets */; };
		AE2C12002BE5532C00B414D3 /* LaunchScreen.storyboard in Resources */ = {isa = PBXBuildFile; fileRef = AE2C11FE2BE5532C00B414D3 /* LaunchScreen.storyboard */; };
		AE2C12082BE553F700B414D3 /* BaseTabBarController.swift in Sources */ = {isa = PBXBuildFile; fileRef = AE2C12072BE553F700B414D3 /* BaseTabBarController.swift */; };
		AE2C120B2BE719CC00B414D3 /* AppsSearchController.swift in Sources */ = {isa = PBXBuildFile; fileRef = AE2C120A2BE719CC00B414D3 /* AppsSearchController.swift */; };
		AE2C120E2BE71D3D00B414D3 /* SearchResultsCollectionViewCell.swift in Sources */ = {isa = PBXBuildFile; fileRef = AE2C120D2BE71D3D00B414D3 /* SearchResultsCollectionViewCell.swift */; };
		AE6F33472C039DE500FE76AE /* PreviewCell.swift in Sources */ = {isa = PBXBuildFile; fileRef = AE6F33462C039DE500FE76AE /* PreviewCell.swift */; };
		AE6F33492C03A37A00FE76AE /* PreviewScreenshotsController.swift in Sources */ = {isa = PBXBuildFile; fileRef = AE6F33482C03A37A00FE76AE /* PreviewScreenshotsController.swift */; };
		AE6F334B2C03A5A500FE76AE /* ScreenshotCell.swift in Sources */ = {isa = PBXBuildFile; fileRef = AE6F334A2C03A5A500FE76AE /* ScreenshotCell.swift */; };
		AE86E3102BECEAFF002893D1 /* VerticalStackView.swift in Sources */ = {isa = PBXBuildFile; fileRef = AE86E30F2BECEAFF002893D1 /* VerticalStackView.swift */; };
		AE86E3132BECF898002893D1 /* SearchResult.swift in Sources */ = {isa = PBXBuildFile; fileRef = AE86E3122BECF898002893D1 /* SearchResult.swift */; };
		AE86E3162BED1A69002893D1 /* Service.swift in Sources */ = {isa = PBXBuildFile; fileRef = AE86E3152BED1A69002893D1 /* Service.swift */; };
		AE86E31E2BF26A59002893D1 /* BaseListController.swift in Sources */ = {isa = PBXBuildFile; fileRef = AE86E31D2BF26A59002893D1 /* BaseListController.swift */; };
		AE86E3202BF26A90002893D1 /* AppsPageController.swift in Sources */ = {isa = PBXBuildFile; fileRef = AE86E31F2BF26A90002893D1 /* AppsPageController.swift */; };
		AE86E3242BF26E32002893D1 /* AppsGroupCell.swift in Sources */ = {isa = PBXBuildFile; fileRef = AE86E3232BF26E32002893D1 /* AppsGroupCell.swift */; };
		AE86E3262BF27169002893D1 /* AppsHorizontalController.swift in Sources */ = {isa = PBXBuildFile; fileRef = AE86E3252BF27169002893D1 /* AppsHorizontalController.swift */; };
		AE86E3282BF3CB8F002893D1 /* Constants.swift in Sources */ = {isa = PBXBuildFile; fileRef = AE86E3272BF3CB8F002893D1 /* Constants.swift */; };
		AE86E32A2BF3CE91002893D1 /* AppsRowCell.swift in Sources */ = {isa = PBXBuildFile; fileRef = AE86E3292BF3CE91002893D1 /* AppsRowCell.swift */; };
		AE86E32C2BF3D130002893D1 /* Extensions.swift in Sources */ = {isa = PBXBuildFile; fileRef = AE86E32B2BF3D130002893D1 /* Extensions.swift */; };
		AE86E32E2BF8FB40002893D1 /* AppsPageHeader.swift in Sources */ = {isa = PBXBuildFile; fileRef = AE86E32D2BF8FB40002893D1 /* AppsPageHeader.swift */; };
		AE86E3302BF9D51A002893D1 /* AppsHeaderHorizontalController.swift in Sources */ = {isa = PBXBuildFile; fileRef = AE86E32F2BF9D51A002893D1 /* AppsHeaderHorizontalController.swift */; };
		AE86E3322BF9D8F7002893D1 /* AppsHeaderCollectionViewCell.swift in Sources */ = {isa = PBXBuildFile; fileRef = AE86E3312BF9D8F6002893D1 /* AppsHeaderCollectionViewCell.swift */; };
		AE86E3342BFA1148002893D1 /* AppGroup.swift in Sources */ = {isa = PBXBuildFile; fileRef = AE86E3332BFA1148002893D1 /* AppGroup.swift */; };
		AE86E3362BFBABD2002893D1 /* Social.swift in Sources */ = {isa = PBXBuildFile; fileRef = AE86E3352BFBABD2002893D1 /* Social.swift */; };
		AE86E3382BFE626B002893D1 /* HorizontalSnappingController.swift in Sources */ = {isa = PBXBuildFile; fileRef = AE86E3372BFE626B002893D1 /* HorizontalSnappingController.swift */; };
		AED694862C00EDB90000F2F0 /* AppDetailsController.swift in Sources */ = {isa = PBXBuildFile; fileRef = AED694852C00EDB90000F2F0 /* AppDetailsController.swift */; };
		AED6948A2C01066C0000F2F0 /* AppDetailCell.swift in Sources */ = {isa = PBXBuildFile; fileRef = AED694892C01066C0000F2F0 /* AppDetailCell.swift */; };
/* End PBXBuildFile section */

/* Begin PBXFileReference section */
		3E65B6712702EDE70930A787 /* Pods-AppStoreApplication.release.xcconfig */ = {isa = PBXFileReference; includeInIndex = 1; lastKnownFileType = text.xcconfig; name = "Pods-AppStoreApplication.release.xcconfig"; path = "Target Support Files/Pods-AppStoreApplication/Pods-AppStoreApplication.release.xcconfig"; sourceTree = "<group>"; };
		6F571E6468EA053F9561E2DB /* Pods-AppStoreApplication.debug.xcconfig */ = {isa = PBXFileReference; includeInIndex = 1; lastKnownFileType = text.xcconfig; name = "Pods-AppStoreApplication.debug.xcconfig"; path = "Target Support Files/Pods-AppStoreApplication/Pods-AppStoreApplication.debug.xcconfig"; sourceTree = "<group>"; };
		7F44A8B50A630A6208DBFA9F /* Pods_AppStoreApplication.framework */ = {isa = PBXFileReference; explicitFileType = wrapper.framework; includeInIndex = 0; path = Pods_AppStoreApplication.framework; sourceTree = BUILT_PRODUCTS_DIR; };
		AE12DD1D2BEBFAB400D5F48C /* UIView+Layout.swift */ = {isa = PBXFileReference; fileEncoding = 4; lastKnownFileType = sourcecode.swift; path = "UIView+Layout.swift"; sourceTree = "<group>"; };
		AE2C11F02BE5532800B414D3 /* AppStoreApplication.app */ = {isa = PBXFileReference; explicitFileType = wrapper.application; includeInIndex = 0; path = AppStoreApplication.app; sourceTree = BUILT_PRODUCTS_DIR; };
		AE2C11F32BE5532800B414D3 /* AppDelegate.swift */ = {isa = PBXFileReference; lastKnownFileType = sourcecode.swift; path = AppDelegate.swift; sourceTree = "<group>"; };
		AE2C11F52BE5532800B414D3 /* SceneDelegate.swift */ = {isa = PBXFileReference; lastKnownFileType = sourcecode.swift; path = SceneDelegate.swift; sourceTree = "<group>"; };
		AE2C11F72BE5532800B414D3 /* ViewController.swift */ = {isa = PBXFileReference; lastKnownFileType = sourcecode.swift; path = ViewController.swift; sourceTree = "<group>"; };
		AE2C11FA2BE5532800B414D3 /* Base */ = {isa = PBXFileReference; lastKnownFileType = file.storyboard; name = Base; path = Base.lproj/Main.storyboard; sourceTree = "<group>"; };
		AE2C11FC2BE5532C00B414D3 /* Assets.xcassets */ = {isa = PBXFileReference; lastKnownFileType = folder.assetcatalog; path = Assets.xcassets; sourceTree = "<group>"; };
		AE2C11FF2BE5532C00B414D3 /* Base */ = {isa = PBXFileReference; lastKnownFileType = file.storyboard; name = Base; path = Base.lproj/LaunchScreen.storyboard; sourceTree = "<group>"; };
		AE2C12012BE5532C00B414D3 /* Info.plist */ = {isa = PBXFileReference; lastKnownFileType = text.plist.xml; path = Info.plist; sourceTree = "<group>"; };
		AE2C12072BE553F700B414D3 /* BaseTabBarController.swift */ = {isa = PBXFileReference; lastKnownFileType = sourcecode.swift; path = BaseTabBarController.swift; sourceTree = "<group>"; };
		AE2C120A2BE719CC00B414D3 /* AppsSearchController.swift */ = {isa = PBXFileReference; lastKnownFileType = sourcecode.swift; path = AppsSearchController.swift; sourceTree = "<group>"; };
		AE2C120D2BE71D3D00B414D3 /* SearchResultsCollectionViewCell.swift */ = {isa = PBXFileReference; lastKnownFileType = sourcecode.swift; path = SearchResultsCollectionViewCell.swift; sourceTree = "<group>"; };
		AE6F33462C039DE500FE76AE /* PreviewCell.swift */ = {isa = PBXFileReference; lastKnownFileType = sourcecode.swift; path = PreviewCell.swift; sourceTree = "<group>"; };
		AE6F33482C03A37A00FE76AE /* PreviewScreenshotsController.swift */ = {isa = PBXFileReference; lastKnownFileType = sourcecode.swift; path = PreviewScreenshotsController.swift; sourceTree = "<group>"; };
		AE6F334A2C03A5A500FE76AE /* ScreenshotCell.swift */ = {isa = PBXFileReference; lastKnownFileType = sourcecode.swift; path = ScreenshotCell.swift; sourceTree = "<group>"; };
		AE86E30F2BECEAFF002893D1 /* VerticalStackView.swift */ = {isa = PBXFileReference; lastKnownFileType = sourcecode.swift; path = VerticalStackView.swift; sourceTree = "<group>"; };
		AE86E3122BECF898002893D1 /* SearchResult.swift */ = {isa = PBXFileReference; lastKnownFileType = sourcecode.swift; path = SearchResult.swift; sourceTree = "<group>"; };
		AE86E3152BED1A69002893D1 /* Service.swift */ = {isa = PBXFileReference; lastKnownFileType = sourcecode.swift; path = Service.swift; sourceTree = "<group>"; };
		AE86E31D2BF26A59002893D1 /* BaseListController.swift */ = {isa = PBXFileReference; lastKnownFileType = sourcecode.swift; path = BaseListController.swift; sourceTree = "<group>"; };
		AE86E31F2BF26A90002893D1 /* AppsPageController.swift */ = {isa = PBXFileReference; lastKnownFileType = sourcecode.swift; path = AppsPageController.swift; sourceTree = "<group>"; };
		AE86E3232BF26E32002893D1 /* AppsGroupCell.swift */ = {isa = PBXFileReference; lastKnownFileType = sourcecode.swift; path = AppsGroupCell.swift; sourceTree = "<group>"; };
		AE86E3252BF27169002893D1 /* AppsHorizontalController.swift */ = {isa = PBXFileReference; lastKnownFileType = sourcecode.swift; path = AppsHorizontalController.swift; sourceTree = "<group>"; };
		AE86E3272BF3CB8F002893D1 /* Constants.swift */ = {isa = PBXFileReference; lastKnownFileType = sourcecode.swift; path = Constants.swift; sourceTree = "<group>"; };
		AE86E3292BF3CE91002893D1 /* AppsRowCell.swift */ = {isa = PBXFileReference; lastKnownFileType = sourcecode.swift; path = AppsRowCell.swift; sourceTree = "<group>"; };
		AE86E32B2BF3D130002893D1 /* Extensions.swift */ = {isa = PBXFileReference; lastKnownFileType = sourcecode.swift; path = Extensions.swift; sourceTree = "<group>"; };
		AE86E32D2BF8FB40002893D1 /* AppsPageHeader.swift */ = {isa = PBXFileReference; lastKnownFileType = sourcecode.swift; path = AppsPageHeader.swift; sourceTree = "<group>"; };
		AE86E32F2BF9D51A002893D1 /* AppsHeaderHorizontalController.swift */ = {isa = PBXFileReference; lastKnownFileType = sourcecode.swift; path = AppsHeaderHorizontalController.swift; sourceTree = "<group>"; };
		AE86E3312BF9D8F6002893D1 /* AppsHeaderCollectionViewCell.swift */ = {isa = PBXFileReference; lastKnownFileType = sourcecode.swift; path = AppsHeaderCollectionViewCell.swift; sourceTree = "<group>"; };
		AE86E3332BFA1148002893D1 /* AppGroup.swift */ = {isa = PBXFileReference; lastKnownFileType = sourcecode.swift; path = AppGroup.swift; sourceTree = "<group>"; };
		AE86E3352BFBABD2002893D1 /* Social.swift */ = {isa = PBXFileReference; lastKnownFileType = sourcecode.swift; path = Social.swift; sourceTree = "<group>"; };
		AE86E3372BFE626B002893D1 /* HorizontalSnappingController.swift */ = {isa = PBXFileReference; lastKnownFileType = sourcecode.swift; path = HorizontalSnappingController.swift; sourceTree = "<group>"; };
		AED694852C00EDB90000F2F0 /* AppDetailsController.swift */ = {isa = PBXFileReference; lastKnownFileType = sourcecode.swift; path = AppDetailsController.swift; sourceTree = "<group>"; };
		AED694892C01066C0000F2F0 /* AppDetailCell.swift */ = {isa = PBXFileReference; lastKnownFileType = sourcecode.swift; path = AppDetailCell.swift; sourceTree = "<group>"; };
/* End PBXFileReference section */

/* Begin PBXFrameworksBuildPhase section */
		AE2C11ED2BE5532800B414D3 /* Frameworks */ = {
			isa = PBXFrameworksBuildPhase;
			buildActionMask = 2147483647;
			files = (
				0BAA834BB27C60711F9BC2C2 /* Pods_AppStoreApplication.framework in Frameworks */,
			);
			runOnlyForDeploymentPostprocessing = 0;
		};
/* End PBXFrameworksBuildPhase section */

/* Begin PBXGroup section */
		8EC2A57FDB21D0B0467BB397 /* Frameworks */ = {
			isa = PBXGroup;
			children = (
				7F44A8B50A630A6208DBFA9F /* Pods_AppStoreApplication.framework */,
			);
			name = Frameworks;
			sourceTree = "<group>";
		};
		AE12DD1C2BEBFAAA00D5F48C /* Helpers */ = {
			isa = PBXGroup;
			children = (
				AE12DD1D2BEBFAB400D5F48C /* UIView+Layout.swift */,
				AE86E30F2BECEAFF002893D1 /* VerticalStackView.swift */,
				AE86E3272BF3CB8F002893D1 /* Constants.swift */,
				AE86E32B2BF3D130002893D1 /* Extensions.swift */,
			);
			path = Helpers;
			sourceTree = "<group>";
		};
		AE2C11E72BE5532800B414D3 = {
			isa = PBXGroup;
			children = (
				AE2C11F22BE5532800B414D3 /* AppStoreApplication */,
				AE2C11F12BE5532800B414D3 /* Products */,
				E50E246599E6863A405273C3 /* Pods */,
				8EC2A57FDB21D0B0467BB397 /* Frameworks */,
			);
			sourceTree = "<group>";
		};
		AE2C11F12BE5532800B414D3 /* Products */ = {
			isa = PBXGroup;
			children = (
				AE2C11F02BE5532800B414D3 /* AppStoreApplication.app */,
			);
			name = Products;
			sourceTree = "<group>";
		};
		AE2C11F22BE5532800B414D3 /* AppStoreApplication */ = {
			isa = PBXGroup;
			children = (
				AE86E3142BED1A38002893D1 /* Service */,
				AE86E3112BECF88A002893D1 /* Models */,
				AE12DD1C2BEBFAAA00D5F48C /* Helpers */,
				AE2C120C2BE71CF600B414D3 /* Views */,
				AE2C12092BE719AC00B414D3 /* Controllers */,
				AE2C11F32BE5532800B414D3 /* AppDelegate.swift */,
				AE2C11F52BE5532800B414D3 /* SceneDelegate.swift */,
				AE2C11F72BE5532800B414D3 /* ViewController.swift */,
				AE2C11F92BE5532800B414D3 /* Main.storyboard */,
				AE2C11FC2BE5532C00B414D3 /* Assets.xcassets */,
				AE2C11FE2BE5532C00B414D3 /* LaunchScreen.storyboard */,
				AE2C12012BE5532C00B414D3 /* Info.plist */,
			);
			path = AppStoreApplication;
			sourceTree = "<group>";
		};
		AE2C12092BE719AC00B414D3 /* Controllers */ = {
			isa = PBXGroup;
			children = (
				AE2C12072BE553F700B414D3 /* BaseTabBarController.swift */,
				AE86E31D2BF26A59002893D1 /* BaseListController.swift */,
				AE86E3372BFE626B002893D1 /* HorizontalSnappingController.swift */,
				AE86E31C2BF26A29002893D1 /* Apps */,
				AE86E31B2BF26A21002893D1 /* Search */,
			);
			path = Controllers;
			sourceTree = "<group>";
		};
		AE2C120C2BE71CF600B414D3 /* Views */ = {
			isa = PBXGroup;
			children = (
				AE86E3222BF26E1F002893D1 /* Apps */,
				AE86E3212BF26E17002893D1 /* Search */,
			);
			path = Views;
			sourceTree = "<group>";
		};
		AE86E3112BECF88A002893D1 /* Models */ = {
			isa = PBXGroup;
			children = (
				AE86E3122BECF898002893D1 /* SearchResult.swift */,
				AE86E3332BFA1148002893D1 /* AppGroup.swift */,
				AE86E3352BFBABD2002893D1 /* Social.swift */,
			);
			path = Models;
			sourceTree = "<group>";
		};
		AE86E3142BED1A38002893D1 /* Service */ = {
			isa = PBXGroup;
			children = (
				AE86E3152BED1A69002893D1 /* Service.swift */,
			);
			path = Service;
			sourceTree = "<group>";
		};
		AE86E31B2BF26A21002893D1 /* Search */ = {
			isa = PBXGroup;
			children = (
				AE2C120A2BE719CC00B414D3 /* AppsSearchController.swift */,
			);
			path = Search;
			sourceTree = "<group>";
		};
		AE86E31C2BF26A29002893D1 /* Apps */ = {
			isa = PBXGroup;
			children = (
				AED694872C00FAC40000F2F0 /* Detail */,
				AE86E31F2BF26A90002893D1 /* AppsPageController.swift */,
				AE86E3252BF27169002893D1 /* AppsHorizontalController.swift */,
				AE86E32F2BF9D51A002893D1 /* AppsHeaderHorizontalController.swift */,
			);
			path = Apps;
			sourceTree = "<group>";
		};
		AE86E3212BF26E17002893D1 /* Search */ = {
			isa = PBXGroup;
			children = (
				AE2C120D2BE71D3D00B414D3 /* SearchResultsCollectionViewCell.swift */,
			);
			path = Search;
			sourceTree = "<group>";
		};
		AE86E3222BF26E1F002893D1 /* Apps */ = {
			isa = PBXGroup;
			children = (
				AED694882C0106570000F2F0 /* Details */,
				AE86E3232BF26E32002893D1 /* AppsGroupCell.swift */,
				AE86E3292BF3CE91002893D1 /* AppsRowCell.swift */,
				AE86E32D2BF8FB40002893D1 /* AppsPageHeader.swift */,
				AE86E3312BF9D8F6002893D1 /* AppsHeaderCollectionViewCell.swift */,
			);
			path = Apps;
			sourceTree = "<group>";
		};
		AED694872C00FAC40000F2F0 /* Detail */ = {
			isa = PBXGroup;
			children = (
				AED694852C00EDB90000F2F0 /* AppDetailsController.swift */,
				AE6F33482C03A37A00FE76AE /* PreviewScreenshotsController.swift */,
			);
			path = Detail;
			sourceTree = "<group>";
		};
		AED694882C0106570000F2F0 /* Details */ = {
			isa = PBXGroup;
			children = (
				AED694892C01066C0000F2F0 /* AppDetailCell.swift */,
				AE6F33462C039DE500FE76AE /* PreviewCell.swift */,
				AE6F334A2C03A5A500FE76AE /* ScreenshotCell.swift */,
			);
			path = Details;
			sourceTree = "<group>";
		};
		E50E246599E6863A405273C3 /* Pods */ = {
			isa = PBXGroup;
			children = (
				6F571E6468EA053F9561E2DB /* Pods-AppStoreApplication.debug.xcconfig */,
				3E65B6712702EDE70930A787 /* Pods-AppStoreApplication.release.xcconfig */,
			);
			path = Pods;
			sourceTree = "<group>";
		};
/* End PBXGroup section */

/* Begin PBXNativeTarget section */
		AE2C11EF2BE5532800B414D3 /* AppStoreApplication */ = {
			isa = PBXNativeTarget;
			buildConfigurationList = AE2C12042BE5532C00B414D3 /* Build configuration list for PBXNativeTarget "AppStoreApplication" */;
			buildPhases = (
				1E9E957ED218D23382915ADA /* [CP] Check Pods Manifest.lock */,
				AE2C11EC2BE5532800B414D3 /* Sources */,
				AE2C11ED2BE5532800B414D3 /* Frameworks */,
				AE2C11EE2BE5532800B414D3 /* Resources */,
				D3221C631A549F44D87F520D /* [CP] Embed Pods Frameworks */,
			);
			buildRules = (
			);
			dependencies = (
			);
			name = AppStoreApplication;
			productName = AppStoreApplication;
			productReference = AE2C11F02BE5532800B414D3 /* AppStoreApplication.app */;
			productType = "com.apple.product-type.application";
		};
/* End PBXNativeTarget section */

/* Begin PBXProject section */
		AE2C11E82BE5532800B414D3 /* Project object */ = {
			isa = PBXProject;
			attributes = {
				BuildIndependentTargetsInParallel = 1;
				LastSwiftUpdateCheck = 1500;
				LastUpgradeCheck = 1500;
				TargetAttributes = {
					AE2C11EF2BE5532800B414D3 = {
						CreatedOnToolsVersion = 15.0.1;
					};
				};
			};
			buildConfigurationList = AE2C11EB2BE5532800B414D3 /* Build configuration list for PBXProject "AppStoreApplication" */;
			compatibilityVersion = "Xcode 14.0";
			developmentRegion = en;
			hasScannedForEncodings = 0;
			knownRegions = (
				en,
				Base,
			);
			mainGroup = AE2C11E72BE5532800B414D3;
			productRefGroup = AE2C11F12BE5532800B414D3 /* Products */;
			projectDirPath = "";
			projectRoot = "";
			targets = (
				AE2C11EF2BE5532800B414D3 /* AppStoreApplication */,
			);
		};
/* End PBXProject section */

/* Begin PBXResourcesBuildPhase section */
		AE2C11EE2BE5532800B414D3 /* Resources */ = {
			isa = PBXResourcesBuildPhase;
			buildActionMask = 2147483647;
			files = (
				AE2C12002BE5532C00B414D3 /* LaunchScreen.storyboard in Resources */,
				AE2C11FD2BE5532C00B414D3 /* Assets.xcassets in Resources */,
				AE2C11FB2BE5532800B414D3 /* Main.storyboard in Resources */,
			);
			runOnlyForDeploymentPostprocessing = 0;
		};
/* End PBXResourcesBuildPhase section */

/* Begin PBXShellScriptBuildPhase section */
		1E9E957ED218D23382915ADA /* [CP] Check Pods Manifest.lock */ = {
			isa = PBXShellScriptBuildPhase;
			buildActionMask = 2147483647;
			files = (
			);
			inputFileListPaths = (
			);
			inputPaths = (
				"${PODS_PODFILE_DIR_PATH}/Podfile.lock",
				"${PODS_ROOT}/Manifest.lock",
			);
			name = "[CP] Check Pods Manifest.lock";
			outputFileListPaths = (
			);
			outputPaths = (
				"$(DERIVED_FILE_DIR)/Pods-AppStoreApplication-checkManifestLockResult.txt",
			);
			runOnlyForDeploymentPostprocessing = 0;
			shellPath = /bin/sh;
			shellScript = "diff \"${PODS_PODFILE_DIR_PATH}/Podfile.lock\" \"${PODS_ROOT}/Manifest.lock\" > /dev/null\nif [ $? != 0 ] ; then\n    # print error to STDERR\n    echo \"error: The sandbox is not in sync with the Podfile.lock. Run 'pod install' or update your CocoaPods installation.\" >&2\n    exit 1\nfi\n# This output is used by Xcode 'outputs' to avoid re-running this script phase.\necho \"SUCCESS\" > \"${SCRIPT_OUTPUT_FILE_0}\"\n";
			showEnvVarsInLog = 0;
		};
		D3221C631A549F44D87F520D /* [CP] Embed Pods Frameworks */ = {
			isa = PBXShellScriptBuildPhase;
			buildActionMask = 2147483647;
			files = (
			);
			inputFileListPaths = (
				"${PODS_ROOT}/Target Support Files/Pods-AppStoreApplication/Pods-AppStoreApplication-frameworks-${CONFIGURATION}-input-files.xcfilelist",
			);
			name = "[CP] Embed Pods Frameworks";
			outputFileListPaths = (
				"${PODS_ROOT}/Target Support Files/Pods-AppStoreApplication/Pods-AppStoreApplication-frameworks-${CONFIGURATION}-output-files.xcfilelist",
			);
			runOnlyForDeploymentPostprocessing = 0;
			shellPath = /bin/sh;
			shellScript = "\"${PODS_ROOT}/Target Support Files/Pods-AppStoreApplication/Pods-AppStoreApplication-frameworks.sh\"\n";
			showEnvVarsInLog = 0;
		};
/* End PBXShellScriptBuildPhase section */

/* Begin PBXSourcesBuildPhase section */
		AE2C11EC2BE5532800B414D3 /* Sources */ = {
			isa = PBXSourcesBuildPhase;
			buildActionMask = 2147483647;
			files = (
				AED694862C00EDB90000F2F0 /* AppDetailsController.swift in Sources */,
				AE2C12082BE553F700B414D3 /* BaseTabBarController.swift in Sources */,
				AE2C120E2BE71D3D00B414D3 /* SearchResultsCollectionViewCell.swift in Sources */,
				AE12DD1E2BEBFAB400D5F48C /* UIView+Layout.swift in Sources */,
				AE6F33492C03A37A00FE76AE /* PreviewScreenshotsController.swift in Sources */,
				AE2C11F82BE5532800B414D3 /* ViewController.swift in Sources */,
				AE2C11F42BE5532800B414D3 /* AppDelegate.swift in Sources */,
				AE86E3282BF3CB8F002893D1 /* Constants.swift in Sources */,
				AE86E3362BFBABD2002893D1 /* Social.swift in Sources */,
				AE86E32C2BF3D130002893D1 /* Extensions.swift in Sources */,
				AE86E31E2BF26A59002893D1 /* BaseListController.swift in Sources */,
				AE86E3242BF26E32002893D1 /* AppsGroupCell.swift in Sources */,
				AE86E3322BF9D8F7002893D1 /* AppsHeaderCollectionViewCell.swift in Sources */,
				AE6F334B2C03A5A500FE76AE /* ScreenshotCell.swift in Sources */,
				AE86E3342BFA1148002893D1 /* AppGroup.swift in Sources */,
				AE86E32A2BF3CE91002893D1 /* AppsRowCell.swift in Sources */,
				AE86E3302BF9D51A002893D1 /* AppsHeaderHorizontalController.swift in Sources */,
				AE86E3102BECEAFF002893D1 /* VerticalStackView.swift in Sources */,
				AE2C120B2BE719CC00B414D3 /* AppsSearchController.swift in Sources */,
				AE86E3162BED1A69002893D1 /* Service.swift in Sources */,
				AE86E3132BECF898002893D1 /* SearchResult.swift in Sources */,
				AE2C11F62BE5532800B414D3 /* SceneDelegate.swift in Sources */,
				AED6948A2C01066C0000F2F0 /* AppDetailCell.swift in Sources */,
				AE86E32E2BF8FB40002893D1 /* AppsPageHeader.swift in Sources */,
				AE6F33472C039DE500FE76AE /* PreviewCell.swift in Sources */,
				AE86E3382BFE626B002893D1 /* HorizontalSnappingController.swift in Sources */,
				AE86E3202BF26A90002893D1 /* AppsPageController.swift in Sources */,
				AE86E3262BF27169002893D1 /* AppsHorizontalController.swift in Sources */,
			);
			runOnlyForDeploymentPostprocessing = 0;
		};
/* End PBXSourcesBuildPhase section */

/* Begin PBXVariantGroup section */
		AE2C11F92BE5532800B414D3 /* Main.storyboard */ = {
			isa = PBXVariantGroup;
			children = (
				AE2C11FA2BE5532800B414D3 /* Base */,
			);
			name = Main.storyboard;
			sourceTree = "<group>";
		};
		AE2C11FE2BE5532C00B414D3 /* LaunchScreen.storyboard */ = {
			isa = PBXVariantGroup;
			children = (
				AE2C11FF2BE5532C00B414D3 /* Base */,
			);
			name = LaunchScreen.storyboard;
			sourceTree = "<group>";
		};
/* End PBXVariantGroup section */

/* Begin XCBuildConfiguration section */
		AE2C12022BE5532C00B414D3 /* Debug */ = {
			isa = XCBuildConfiguration;
			buildSettings = {
				ALWAYS_SEARCH_USER_PATHS = NO;
				ASSETCATALOG_COMPILER_GENERATE_SWIFT_ASSET_SYMBOL_EXTENSIONS = YES;
				CLANG_ANALYZER_NONNULL = YES;
				CLANG_ANALYZER_NUMBER_OBJECT_CONVERSION = YES_AGGRESSIVE;
				CLANG_CXX_LANGUAGE_STANDARD = "gnu++20";
				CLANG_ENABLE_MODULES = YES;
				CLANG_ENABLE_OBJC_ARC = YES;
				CLANG_ENABLE_OBJC_WEAK = YES;
				CLANG_WARN_BLOCK_CAPTURE_AUTORELEASING = YES;
				CLANG_WARN_BOOL_CONVERSION = YES;
				CLANG_WARN_COMMA = YES;
				CLANG_WARN_CONSTANT_CONVERSION = YES;
				CLANG_WARN_DEPRECATED_OBJC_IMPLEMENTATIONS = YES;
				CLANG_WARN_DIRECT_OBJC_ISA_USAGE = YES_ERROR;
				CLANG_WARN_DOCUMENTATION_COMMENTS = YES;
				CLANG_WARN_EMPTY_BODY = YES;
				CLANG_WARN_ENUM_CONVERSION = YES;
				CLANG_WARN_INFINITE_RECURSION = YES;
				CLANG_WARN_INT_CONVERSION = YES;
				CLANG_WARN_NON_LITERAL_NULL_CONVERSION = YES;
				CLANG_WARN_OBJC_IMPLICIT_RETAIN_SELF = YES;
				CLANG_WARN_OBJC_LITERAL_CONVERSION = YES;
				CLANG_WARN_OBJC_ROOT_CLASS = YES_ERROR;
				CLANG_WARN_QUOTED_INCLUDE_IN_FRAMEWORK_HEADER = YES;
				CLANG_WARN_RANGE_LOOP_ANALYSIS = YES;
				CLANG_WARN_STRICT_PROTOTYPES = YES;
				CLANG_WARN_SUSPICIOUS_MOVE = YES;
				CLANG_WARN_UNGUARDED_AVAILABILITY = YES_AGGRESSIVE;
				CLANG_WARN_UNREACHABLE_CODE = YES;
				CLANG_WARN__DUPLICATE_METHOD_MATCH = YES;
				COPY_PHASE_STRIP = NO;
				DEBUG_INFORMATION_FORMAT = dwarf;
				ENABLE_STRICT_OBJC_MSGSEND = YES;
				ENABLE_TESTABILITY = YES;
				ENABLE_USER_SCRIPT_SANDBOXING = NO;
				GCC_C_LANGUAGE_STANDARD = gnu17;
				GCC_DYNAMIC_NO_PIC = NO;
				GCC_NO_COMMON_BLOCKS = YES;
				GCC_OPTIMIZATION_LEVEL = 0;
				GCC_PREPROCESSOR_DEFINITIONS = (
					"DEBUG=1",
					"$(inherited)",
				);
				GCC_WARN_64_TO_32_BIT_CONVERSION = YES;
				GCC_WARN_ABOUT_RETURN_TYPE = YES_ERROR;
				GCC_WARN_UNDECLARED_SELECTOR = YES;
				GCC_WARN_UNINITIALIZED_AUTOS = YES_AGGRESSIVE;
				GCC_WARN_UNUSED_FUNCTION = YES;
				GCC_WARN_UNUSED_VARIABLE = YES;
				IPHONEOS_DEPLOYMENT_TARGET = 17.0;
				LOCALIZATION_PREFERS_STRING_CATALOGS = YES;
				MTL_ENABLE_DEBUG_INFO = INCLUDE_SOURCE;
				MTL_FAST_MATH = YES;
				ONLY_ACTIVE_ARCH = YES;
				SDKROOT = iphoneos;
				SWIFT_ACTIVE_COMPILATION_CONDITIONS = "DEBUG $(inherited)";
				SWIFT_OPTIMIZATION_LEVEL = "-Onone";
			};
			name = Debug;
		};
		AE2C12032BE5532C00B414D3 /* Release */ = {
			isa = XCBuildConfiguration;
			buildSettings = {
				ALWAYS_SEARCH_USER_PATHS = NO;
				ASSETCATALOG_COMPILER_GENERATE_SWIFT_ASSET_SYMBOL_EXTENSIONS = YES;
				CLANG_ANALYZER_NONNULL = YES;
				CLANG_ANALYZER_NUMBER_OBJECT_CONVERSION = YES_AGGRESSIVE;
				CLANG_CXX_LANGUAGE_STANDARD = "gnu++20";
				CLANG_ENABLE_MODULES = YES;
				CLANG_ENABLE_OBJC_ARC = YES;
				CLANG_ENABLE_OBJC_WEAK = YES;
				CLANG_WARN_BLOCK_CAPTURE_AUTORELEASING = YES;
				CLANG_WARN_BOOL_CONVERSION = YES;
				CLANG_WARN_COMMA = YES;
				CLANG_WARN_CONSTANT_CONVERSION = YES;
				CLANG_WARN_DEPRECATED_OBJC_IMPLEMENTATIONS = YES;
				CLANG_WARN_DIRECT_OBJC_ISA_USAGE = YES_ERROR;
				CLANG_WARN_DOCUMENTATION_COMMENTS = YES;
				CLANG_WARN_EMPTY_BODY = YES;
				CLANG_WARN_ENUM_CONVERSION = YES;
				CLANG_WARN_INFINITE_RECURSION = YES;
				CLANG_WARN_INT_CONVERSION = YES;
				CLANG_WARN_NON_LITERAL_NULL_CONVERSION = YES;
				CLANG_WARN_OBJC_IMPLICIT_RETAIN_SELF = YES;
				CLANG_WARN_OBJC_LITERAL_CONVERSION = YES;
				CLANG_WARN_OBJC_ROOT_CLASS = YES_ERROR;
				CLANG_WARN_QUOTED_INCLUDE_IN_FRAMEWORK_HEADER = YES;
				CLANG_WARN_RANGE_LOOP_ANALYSIS = YES;
				CLANG_WARN_STRICT_PROTOTYPES = YES;
				CLANG_WARN_SUSPICIOUS_MOVE = YES;
				CLANG_WARN_UNGUARDED_AVAILABILITY = YES_AGGRESSIVE;
				CLANG_WARN_UNREACHABLE_CODE = YES;
				CLANG_WARN__DUPLICATE_METHOD_MATCH = YES;
				COPY_PHASE_STRIP = NO;
				DEBUG_INFORMATION_FORMAT = "dwarf-with-dsym";
				ENABLE_NS_ASSERTIONS = NO;
				ENABLE_STRICT_OBJC_MSGSEND = YES;
				ENABLE_USER_SCRIPT_SANDBOXING = NO;
				GCC_C_LANGUAGE_STANDARD = gnu17;
				GCC_NO_COMMON_BLOCKS = YES;
				GCC_WARN_64_TO_32_BIT_CONVERSION = YES;
				GCC_WARN_ABOUT_RETURN_TYPE = YES_ERROR;
				GCC_WARN_UNDECLARED_SELECTOR = YES;
				GCC_WARN_UNINITIALIZED_AUTOS = YES_AGGRESSIVE;
				GCC_WARN_UNUSED_FUNCTION = YES;
				GCC_WARN_UNUSED_VARIABLE = YES;
				IPHONEOS_DEPLOYMENT_TARGET = 17.0;
				LOCALIZATION_PREFERS_STRING_CATALOGS = YES;
				MTL_ENABLE_DEBUG_INFO = NO;
				MTL_FAST_MATH = YES;
				SDKROOT = iphoneos;
				SWIFT_COMPILATION_MODE = wholemodule;
				VALIDATE_PRODUCT = YES;
			};
			name = Release;
		};
		AE2C12052BE5532C00B414D3 /* Debug */ = {
			isa = XCBuildConfiguration;
			baseConfigurationReference = 6F571E6468EA053F9561E2DB /* Pods-AppStoreApplication.debug.xcconfig */;
			buildSettings = {
				ASSETCATALOG_COMPILER_APPICON_NAME = AppIcon;
				ASSETCATALOG_COMPILER_GLOBAL_ACCENT_COLOR_NAME = AccentColor;
				CODE_SIGN_STYLE = Automatic;
				CURRENT_PROJECT_VERSION = 1;
				DEVELOPMENT_TEAM = LTW453RPC3;
				GENERATE_INFOPLIST_FILE = YES;
				INFOPLIST_FILE = AppStoreApplication/Info.plist;
				INFOPLIST_KEY_UIApplicationSupportsIndirectInputEvents = YES;
				INFOPLIST_KEY_UILaunchStoryboardName = LaunchScreen;
				INFOPLIST_KEY_UIMainStoryboardFile = Main;
				INFOPLIST_KEY_UISupportedInterfaceOrientations = UIInterfaceOrientationPortrait;
				INFOPLIST_KEY_UISupportedInterfaceOrientations_iPad = "UIInterfaceOrientationLandscapeLeft UIInterfaceOrientationLandscapeRight UIInterfaceOrientationPortrait UIInterfaceOrientationPortraitUpsideDown";
				LD_RUNPATH_SEARCH_PATHS = (
					"$(inherited)",
					"@executable_path/Frameworks",
				);
				MARKETING_VERSION = 1.0;
				PRODUCT_BUNDLE_IDENTIFIER = com.yernar.AppStoreApplication;
				PRODUCT_NAME = "$(TARGET_NAME)";
				SUPPORTED_PLATFORMS = "iphoneos iphonesimulator";
				SUPPORTS_MACCATALYST = NO;
				SUPPORTS_MAC_DESIGNED_FOR_IPHONE_IPAD = NO;
				SWIFT_EMIT_LOC_STRINGS = YES;
				SWIFT_VERSION = 5.0;
				TARGETED_DEVICE_FAMILY = 1;
			};
			name = Debug;
		};
		AE2C12062BE5532C00B414D3 /* Release */ = {
			isa = XCBuildConfiguration;
			baseConfigurationReference = 3E65B6712702EDE70930A787 /* Pods-AppStoreApplication.release.xcconfig */;
			buildSettings = {
				ASSETCATALOG_COMPILER_APPICON_NAME = AppIcon;
				ASSETCATALOG_COMPILER_GLOBAL_ACCENT_COLOR_NAME = AccentColor;
				CODE_SIGN_STYLE = Automatic;
				CURRENT_PROJECT_VERSION = 1;
				DEVELOPMENT_TEAM = LTW453RPC3;
				GENERATE_INFOPLIST_FILE = YES;
				INFOPLIST_FILE = AppStoreApplication/Info.plist;
				INFOPLIST_KEY_UIApplicationSupportsIndirectInputEvents = YES;
				INFOPLIST_KEY_UILaunchStoryboardName = LaunchScreen;
				INFOPLIST_KEY_UIMainStoryboardFile = Main;
				INFOPLIST_KEY_UISupportedInterfaceOrientations = UIInterfaceOrientationPortrait;
				INFOPLIST_KEY_UISupportedInterfaceOrientations_iPad = "UIInterfaceOrientationLandscapeLeft UIInterfaceOrientationLandscapeRight UIInterfaceOrientationPortrait UIInterfaceOrientationPortraitUpsideDown";
				LD_RUNPATH_SEARCH_PATHS = (
					"$(inherited)",
					"@executable_path/Frameworks",
				);
				MARKETING_VERSION = 1.0;
				PRODUCT_BUNDLE_IDENTIFIER = com.yernar.AppStoreApplication;
				PRODUCT_NAME = "$(TARGET_NAME)";
				SUPPORTED_PLATFORMS = "iphoneos iphonesimulator";
				SUPPORTS_MACCATALYST = NO;
				SUPPORTS_MAC_DESIGNED_FOR_IPHONE_IPAD = NO;
				SWIFT_EMIT_LOC_STRINGS = YES;
				SWIFT_VERSION = 5.0;
				TARGETED_DEVICE_FAMILY = 1;
			};
			name = Release;
		};
/* End XCBuildConfiguration section */

/* Begin XCConfigurationList section */
		AE2C11EB2BE5532800B414D3 /* Build configuration list for PBXProject "AppStoreApplication" */ = {
			isa = XCConfigurationList;
			buildConfigurations = (
				AE2C12022BE5532C00B414D3 /* Debug */,
				AE2C12032BE5532C00B414D3 /* Release */,
			);
			defaultConfigurationIsVisible = 0;
			defaultConfigurationName = Release;
		};
		AE2C12042BE5532C00B414D3 /* Build configuration list for PBXNativeTarget "AppStoreApplication" */ = {
			isa = XCConfigurationList;
			buildConfigurations = (
				AE2C12052BE5532C00B414D3 /* Debug */,
				AE2C12062BE5532C00B414D3 /* Release */,
			);
			defaultConfigurationIsVisible = 0;
			defaultConfigurationName = Release;
		};
/* End XCConfigurationList section */
	};
	rootObject = AE2C11E82BE5532800B414D3 /* Project object */;
}
